
Microsoft Visual Studio Solution File, Format Version 12.00
# Visual Studio 15
Project("{FAE04EC0-301F-11D3-BF4B-00C04F79EFBC}") = "novo projeto.Plugins", "novo projeto.Plugins.csproj", "{63D3364B-B1BB-59CC-9A68-CAC2622AA491}"
EndProject
Project("{FAE04EC0-301F-11D3-BF4B-00C04F79EFBC}") = "novo projeto", "novo projeto.csproj", "{B8DAEC73-E672-2813-BC2C-B618BDCF028D}"
EndProject
Project("{FAE04EC0-301F-11D3-BF4B-00C04F79EFBC}") = "novo projeto.Editor.Plugins", "novo projeto.Editor.Plugins.csproj", "{4D52A9BD-FC0B-F5DA-F3DB-D5FCF82EC50B}"
EndProject
Global
	GlobalSection(SolutionConfigurationPlatforms) = preSolution
		Debug|Any CPU = Debug|Any CPU
		Release|Any CPU = Release|Any CPU
	EndGlobalSection
	GlobalSection(ProjectConfigurationPlatforms) = postSolution
		{63D3364B-B1BB-59CC-9A68-CAC2622AA491}.Debug|Any CPU.ActiveCfg = Debug|Any CPU
		{63D3364B-B1BB-59CC-9A68-CAC2622AA491}.Debug|Any CPU.Build.0 = Debug|Any CPU
		{63D3364B-B1BB-59CC-9A68-CAC2622AA491}.Release|Any CPU.ActiveCfg = Release|Any CPU
		{63D3364B-B1BB-59CC-9A68-CAC2622AA491}.Release|Any CPU.Build.0 = Release|Any CPU
		{B8DAEC73-E672-2813-BC2C-B618BDCF028D}.Debug|Any CPU.ActiveCfg = Debug|Any CPU
		{B8DAEC73-E672-2813-BC2C-B618BDCF028D}.Debug|Any CPU.Build.0 = Debug|Any CPU
		{B8DAEC73-E672-2813-BC2C-B618BDCF028D}.Release|Any CPU.ActiveCfg = Release|Any CPU
		{B8DAEC73-E672-2813-BC2C-B618BDCF028D}.Release|Any CPU.Build.0 = Release|Any CPU
		{4D52A9BD-FC0B-F5DA-F3DB-D5FCF82EC50B}.Debug|Any CPU.ActiveCfg = Debug|Any CPU
		{4D52A9BD-FC0B-F5DA-F3DB-D5FCF82EC50B}.Debug|Any CPU.Build.0 = Debug|Any CPU
		{4D52A9BD-FC0B-F5DA-F3DB-D5FCF82EC50B}.Release|Any CPU.ActiveCfg = Release|Any CPU
		{4D52A9BD-FC0B-F5DA-F3DB-D5FCF82EC50B}.Release|Any CPU.Build.0 = Release|Any CPU
	EndGlobalSection
	GlobalSection(SolutionProperties) = preSolution
		HideSolutionNode = FALSE
	EndGlobalSection
EndGlobal
